// !$*UTF8*$!
{
	archiveVersion = 1;
	classes = {
	};
	objectVersion = 46;
	objects = {

/* Begin PBXBuildFile section */
		56593E151CB4B1D400BCB076 /* AppDelegate.swift in Sources */ = {isa = PBXBuildFile; fileRef = 56593E141CB4B1D400BCB076 /* AppDelegate.swift */; };
		56593E171CB4B1D400BCB076 /* ViewController.swift in Sources */ = {isa = PBXBuildFile; fileRef = 56593E161CB4B1D400BCB076 /* ViewController.swift */; };
		56593E1A1CB4B1D400BCB076 /* Main.storyboard in Resources */ = {isa = PBXBuildFile; fileRef = 56593E181CB4B1D400BCB076 /* Main.storyboard */; };
		56593E1C1CB4B1D400BCB076 /* Assets.xcassets in Resources */ = {isa = PBXBuildFile; fileRef = 56593E1B1CB4B1D400BCB076 /* Assets.xcassets */; };
		56593E1F1CB4B1D400BCB076 /* LaunchScreen.storyboard in Resources */ = {isa = PBXBuildFile; fileRef = 56593E1D1CB4B1D400BCB076 /* LaunchScreen.storyboard */; };
		56593E2A1CB4B1D400BCB076 /* HestiaTests.swift in Sources */ = {isa = PBXBuildFile; fileRef = 56593E291CB4B1D400BCB076 /* HestiaTests.swift */; };
		56593E351CB4B1D400BCB076 /* HestiaUITests.swift in Sources */ = {isa = PBXBuildFile; fileRef = 56593E341CB4B1D400BCB076 /* HestiaUITests.swift */; };
		56593E441CB4B29C00BCB076 /* CloudKit.framework in Frameworks */ = {isa = PBXBuildFile; fileRef = 56593E431CB4B29C00BCB076 /* CloudKit.framework */; };
		56593E461CB4B89D00BCB076 /* SessionRequester.swift in Sources */ = {isa = PBXBuildFile; fileRef = 56593E451CB4B89D00BCB076 /* SessionRequester.swift */; };
		56593E471CB4B89D00BCB076 /* SessionRequester.swift in Sources */ = {isa = PBXBuildFile; fileRef = 56593E451CB4B89D00BCB076 /* SessionRequester.swift */; };
		56593E481CB4B89D00BCB076 /* SessionRequester.swift in Sources */ = {isa = PBXBuildFile; fileRef = 56593E451CB4B89D00BCB076 /* SessionRequester.swift */; };
		56593E4A1CB4DE5F00BCB076 /* PinterestLoginViewController.swift in Sources */ = {isa = PBXBuildFile; fileRef = 56593E491CB4DE5F00BCB076 /* PinterestLoginViewController.swift */; };
		56593E4B1CB4DE5F00BCB076 /* PinterestLoginViewController.swift in Sources */ = {isa = PBXBuildFile; fileRef = 56593E491CB4DE5F00BCB076 /* PinterestLoginViewController.swift */; };
		56593E4C1CB4DE5F00BCB076 /* PinterestLoginViewController.swift in Sources */ = {isa = PBXBuildFile; fileRef = 56593E491CB4DE5F00BCB076 /* PinterestLoginViewController.swift */; };
		56593E4F1CB62A7000BCB076 /* PinterestSessionRequester.swift in Sources */ = {isa = PBXBuildFile; fileRef = 56593E4E1CB62A7000BCB076 /* PinterestSessionRequester.swift */; };
		56593E501CB62A7000BCB076 /* PinterestSessionRequester.swift in Sources */ = {isa = PBXBuildFile; fileRef = 56593E4E1CB62A7000BCB076 /* PinterestSessionRequester.swift */; };
		56593E511CB62A7000BCB076 /* PinterestSessionRequester.swift in Sources */ = {isa = PBXBuildFile; fileRef = 56593E4E1CB62A7000BCB076 /* PinterestSessionRequester.swift */; };
		56593E551CB775D200BCB076 /* PantryViewController.swift in Sources */ = {isa = PBXBuildFile; fileRef = 56593E531CB775D200BCB076 /* PantryViewController.swift */; };
		56593E561CB775D200BCB076 /* PantryViewController.swift in Sources */ = {isa = PBXBuildFile; fileRef = 56593E531CB775D200BCB076 /* PantryViewController.swift */; };
		56593E941CBE96B400BCB076 /* PantryTableViewController.swift in Sources */ = {isa = PBXBuildFile; fileRef = 56593E931CBE96B400BCB076 /* PantryTableViewController.swift */; };
		56593E951CBE96B400BCB076 /* PantryTableViewController.swift in Sources */ = {isa = PBXBuildFile; fileRef = 56593E931CBE96B400BCB076 /* PantryTableViewController.swift */; };
		56593E961CBE96B400BCB076 /* PantryTableViewController.swift in Sources */ = {isa = PBXBuildFile; fileRef = 56593E931CBE96B400BCB076 /* PantryTableViewController.swift */; };
		56593E981CBE96D700BCB076 /* PantryItemDetailViewController.swift in Sources */ = {isa = PBXBuildFile; fileRef = 56593E971CBE96D700BCB076 /* PantryItemDetailViewController.swift */; };
		56593E991CBE96D700BCB076 /* PantryItemDetailViewController.swift in Sources */ = {isa = PBXBuildFile; fileRef = 56593E971CBE96D700BCB076 /* PantryItemDetailViewController.swift */; };
		56593E9A1CBE96D700BCB076 /* PantryItemDetailViewController.swift in Sources */ = {isa = PBXBuildFile; fileRef = 56593E971CBE96D700BCB076 /* PantryItemDetailViewController.swift */; };
		56593E9D1CC0B56A00BCB076 /* DataRequestManager.swift in Sources */ = {isa = PBXBuildFile; fileRef = 56593E9C1CC0B56A00BCB076 /* DataRequestManager.swift */; };
		56593E9E1CC0B56A00BCB076 /* DataRequestManager.swift in Sources */ = {isa = PBXBuildFile; fileRef = 56593E9C1CC0B56A00BCB076 /* DataRequestManager.swift */; };
		56593E9F1CC0B56A00BCB076 /* DataRequestManager.swift in Sources */ = {isa = PBXBuildFile; fileRef = 56593E9C1CC0B56A00BCB076 /* DataRequestManager.swift */; };
		56C3686E1CC890810082914F /* PantryRequestManager.swift in Sources */ = {isa = PBXBuildFile; fileRef = 56C3686D1CC890810082914F /* PantryRequestManager.swift */; };
		56C368701CC896F20082914F /* PantryObject.swift in Sources */ = {isa = PBXBuildFile; fileRef = 56C3686F1CC896F20082914F /* PantryObject.swift */; };
		56C368721CC8982F0082914F /* Ingredient.swift in Sources */ = {isa = PBXBuildFile; fileRef = 56C368711CC8982F0082914F /* Ingredient.swift */; };
		56C368741CC899C40082914F /* Recipe.swift in Sources */ = {isa = PBXBuildFile; fileRef = 56C368731CC899C40082914F /* Recipe.swift */; };
/* End PBXBuildFile section */

/* Begin PBXContainerItemProxy section */
		56593E261CB4B1D400BCB076 /* PBXContainerItemProxy */ = {
			isa = PBXContainerItemProxy;
			containerPortal = 56593E091CB4B1D300BCB076 /* Project object */;
			proxyType = 1;
			remoteGlobalIDString = 56593E101CB4B1D300BCB076;
			remoteInfo = Hestia;
		};
		56593E311CB4B1D400BCB076 /* PBXContainerItemProxy */ = {
			isa = PBXContainerItemProxy;
			containerPortal = 56593E091CB4B1D300BCB076 /* Project object */;
			proxyType = 1;
			remoteGlobalIDString = 56593E101CB4B1D300BCB076;
			remoteInfo = Hestia;
		};
/* End PBXContainerItemProxy section */

/* Begin PBXFileReference section */
		56593E111CB4B1D400BCB076 /* Hestia.app */ = {isa = PBXFileReference; explicitFileType = wrapper.application; includeInIndex = 0; path = Hestia.app; sourceTree = BUILT_PRODUCTS_DIR; };
		56593E141CB4B1D400BCB076 /* AppDelegate.swift */ = {isa = PBXFileReference; lastKnownFileType = sourcecode.swift; path = AppDelegate.swift; sourceTree = "<group>"; };
		56593E161CB4B1D400BCB076 /* ViewController.swift */ = {isa = PBXFileReference; lastKnownFileType = sourcecode.swift; path = ViewController.swift; sourceTree = "<group>"; };
		56593E191CB4B1D400BCB076 /* Base */ = {isa = PBXFileReference; lastKnownFileType = file.storyboard; name = Base; path = Base.lproj/Main.storyboard; sourceTree = "<group>"; };
		56593E1B1CB4B1D400BCB076 /* Assets.xcassets */ = {isa = PBXFileReference; lastKnownFileType = folder.assetcatalog; path = Assets.xcassets; sourceTree = "<group>"; };
		56593E1E1CB4B1D400BCB076 /* Base */ = {isa = PBXFileReference; lastKnownFileType = file.storyboard; name = Base; path = Base.lproj/LaunchScreen.storyboard; sourceTree = "<group>"; };
		56593E201CB4B1D400BCB076 /* Info.plist */ = {isa = PBXFileReference; lastKnownFileType = text.plist.xml; path = Info.plist; sourceTree = "<group>"; };
		56593E251CB4B1D400BCB076 /* HestiaTests.xctest */ = {isa = PBXFileReference; explicitFileType = wrapper.cfbundle; includeInIndex = 0; path = HestiaTests.xctest; sourceTree = BUILT_PRODUCTS_DIR; };
		56593E291CB4B1D400BCB076 /* HestiaTests.swift */ = {isa = PBXFileReference; lastKnownFileType = sourcecode.swift; path = HestiaTests.swift; sourceTree = "<group>"; };
		56593E2B1CB4B1D400BCB076 /* Info.plist */ = {isa = PBXFileReference; lastKnownFileType = text.plist.xml; path = Info.plist; sourceTree = "<group>"; };
		56593E301CB4B1D400BCB076 /* HestiaUITests.xctest */ = {isa = PBXFileReference; explicitFileType = wrapper.cfbundle; includeInIndex = 0; path = HestiaUITests.xctest; sourceTree = BUILT_PRODUCTS_DIR; };
		56593E341CB4B1D400BCB076 /* HestiaUITests.swift */ = {isa = PBXFileReference; lastKnownFileType = sourcecode.swift; path = HestiaUITests.swift; sourceTree = "<group>"; };
		56593E361CB4B1D400BCB076 /* Info.plist */ = {isa = PBXFileReference; lastKnownFileType = text.plist.xml; path = Info.plist; sourceTree = "<group>"; };
		56593E421CB4B22000BCB076 /* Hestia.entitlements */ = {isa = PBXFileReference; lastKnownFileType = text.xml; path = Hestia.entitlements; sourceTree = "<group>"; };
		56593E431CB4B29C00BCB076 /* CloudKit.framework */ = {isa = PBXFileReference; lastKnownFileType = wrapper.framework; name = CloudKit.framework; path = System/Library/Frameworks/CloudKit.framework; sourceTree = SDKROOT; };
		56593E451CB4B89D00BCB076 /* SessionRequester.swift */ = {isa = PBXFileReference; fileEncoding = 4; lastKnownFileType = sourcecode.swift; path = SessionRequester.swift; sourceTree = "<group>"; };
		56593E491CB4DE5F00BCB076 /* PinterestLoginViewController.swift */ = {isa = PBXFileReference; fileEncoding = 4; lastKnownFileType = sourcecode.swift; path = PinterestLoginViewController.swift; sourceTree = "<group>"; };
		56593E4E1CB62A7000BCB076 /* PinterestSessionRequester.swift */ = {isa = PBXFileReference; fileEncoding = 4; lastKnownFileType = sourcecode.swift; path = PinterestSessionRequester.swift; sourceTree = "<group>"; };
		56593E531CB775D200BCB076 /* PantryViewController.swift */ = {isa = PBXFileReference; fileEncoding = 4; lastKnownFileType = sourcecode.swift; path = PantryViewController.swift; sourceTree = "<group>"; };
		56593E931CBE96B400BCB076 /* PantryTableViewController.swift */ = {isa = PBXFileReference; fileEncoding = 4; lastKnownFileType = sourcecode.swift; path = PantryTableViewController.swift; sourceTree = "<group>"; };
		56593E971CBE96D700BCB076 /* PantryItemDetailViewController.swift */ = {isa = PBXFileReference; fileEncoding = 4; lastKnownFileType = sourcecode.swift; path = PantryItemDetailViewController.swift; sourceTree = "<group>"; };
		56593E9C1CC0B56A00BCB076 /* DataRequestManager.swift */ = {isa = PBXFileReference; fileEncoding = 4; lastKnownFileType = sourcecode.swift; path = DataRequestManager.swift; sourceTree = "<group>"; };
		56C3686D1CC890810082914F /* PantryRequestManager.swift */ = {isa = PBXFileReference; fileEncoding = 4; lastKnownFileType = sourcecode.swift; path = PantryRequestManager.swift; sourceTree = "<group>"; };
		56C3686F1CC896F20082914F /* PantryObject.swift */ = {isa = PBXFileReference; fileEncoding = 4; lastKnownFileType = sourcecode.swift; path = PantryObject.swift; sourceTree = "<group>"; };
		56C368711CC8982F0082914F /* Ingredient.swift */ = {isa = PBXFileReference; fileEncoding = 4; lastKnownFileType = sourcecode.swift; path = Ingredient.swift; sourceTree = "<group>"; };
		56C368731CC899C40082914F /* Recipe.swift */ = {isa = PBXFileReference; fileEncoding = 4; lastKnownFileType = sourcecode.swift; path = Recipe.swift; sourceTree = "<group>"; };
/* End PBXFileReference section */

/* Begin PBXFrameworksBuildPhase section */
		56593E0E1CB4B1D300BCB076 /* Frameworks */ = {
			isa = PBXFrameworksBuildPhase;
			buildActionMask = 2147483647;
			files = (
				56593E441CB4B29C00BCB076 /* CloudKit.framework in Frameworks */,
			);
			runOnlyForDeploymentPostprocessing = 0;
		};
		56593E221CB4B1D400BCB076 /* Frameworks */ = {
			isa = PBXFrameworksBuildPhase;
			buildActionMask = 2147483647;
			files = (
			);
			runOnlyForDeploymentPostprocessing = 0;
		};
		56593E2D1CB4B1D400BCB076 /* Frameworks */ = {
			isa = PBXFrameworksBuildPhase;
			buildActionMask = 2147483647;
			files = (
			);
			runOnlyForDeploymentPostprocessing = 0;
		};
/* End PBXFrameworksBuildPhase section */

/* Begin PBXGroup section */
		56593E081CB4B1D300BCB076 = {
			isa = PBXGroup;
			children = (
				56593E431CB4B29C00BCB076 /* CloudKit.framework */,
				56593E131CB4B1D400BCB076 /* Hestia */,
				56593E281CB4B1D400BCB076 /* HestiaTests */,
				56593E331CB4B1D400BCB076 /* HestiaUITests */,
				56593E121CB4B1D400BCB076 /* Products */,
			);
			sourceTree = "<group>";
		};
		56593E121CB4B1D400BCB076 /* Products */ = {
			isa = PBXGroup;
			children = (
				56593E111CB4B1D400BCB076 /* Hestia.app */,
				56593E251CB4B1D400BCB076 /* HestiaTests.xctest */,
				56593E301CB4B1D400BCB076 /* HestiaUITests.xctest */,
			);
			name = Products;
			sourceTree = "<group>";
		};
		56593E131CB4B1D400BCB076 /* Hestia */ = {
			isa = PBXGroup;
			children = (
				56593E9B1CC0B52700BCB076 /* Data */,
				56593E521CB775B700BCB076 /* ViewControllers */,
				56593E4D1CB62A4E00BCB076 /* Utilities */,
				56593E421CB4B22000BCB076 /* Hestia.entitlements */,
				56593E141CB4B1D400BCB076 /* AppDelegate.swift */,
				56593E161CB4B1D400BCB076 /* ViewController.swift */,
				56593E181CB4B1D400BCB076 /* Main.storyboard */,
				56593E1B1CB4B1D400BCB076 /* Assets.xcassets */,
				56593E1D1CB4B1D400BCB076 /* LaunchScreen.storyboard */,
				56593E201CB4B1D400BCB076 /* Info.plist */,
				56593E491CB4DE5F00BCB076 /* PinterestLoginViewController.swift */,
			);
			path = Hestia;
			sourceTree = "<group>";
		};
		56593E281CB4B1D400BCB076 /* HestiaTests */ = {
			isa = PBXGroup;
			children = (
				56593E291CB4B1D400BCB076 /* HestiaTests.swift */,
				56593E2B1CB4B1D400BCB076 /* Info.plist */,
			);
			path = HestiaTests;
			sourceTree = "<group>";
		};
		56593E331CB4B1D400BCB076 /* HestiaUITests */ = {
			isa = PBXGroup;
			children = (
				56593E341CB4B1D400BCB076 /* HestiaUITests.swift */,
				56593E361CB4B1D400BCB076 /* Info.plist */,
			);
			path = HestiaUITests;
			sourceTree = "<group>";
		};
		56593E4D1CB62A4E00BCB076 /* Utilities */ = {
			isa = PBXGroup;
			children = (
				56593E451CB4B89D00BCB076 /* SessionRequester.swift */,
				56593E4E1CB62A7000BCB076 /* PinterestSessionRequester.swift */,
			);
			name = Utilities;
			sourceTree = "<group>";
		};
		56593E521CB775B700BCB076 /* ViewControllers */ = {
			isa = PBXGroup;
			children = (
				56593E531CB775D200BCB076 /* PantryViewController.swift */,
				56593E931CBE96B400BCB076 /* PantryTableViewController.swift */,
				56593E971CBE96D700BCB076 /* PantryItemDetailViewController.swift */,
			);
			name = ViewControllers;
			sourceTree = "<group>";
		};
		56593E9B1CC0B52700BCB076 /* Data */ = {
			isa = PBXGroup;
			children = (
				56593EA01CC0BB4400BCB076 /* Model */,
				56593E9C1CC0B56A00BCB076 /* DataRequestManager.swift */,
				56C3686D1CC890810082914F /* PantryRequestManager.swift */,
			);
			name = Data;
			sourceTree = "<group>";
		};
		56593EA01CC0BB4400BCB076 /* Model */ = {
			isa = PBXGroup;
			children = (
				56C3686F1CC896F20082914F /* PantryObject.swift */,
				56C368711CC8982F0082914F /* Ingredient.swift */,
				56C368731CC899C40082914F /* Recipe.swift */,
			);
			name = Model;
			sourceTree = "<group>";
		};
/* End PBXGroup section */

/* Begin PBXNativeTarget section */
		56593E101CB4B1D300BCB076 /* Hestia */ = {
			isa = PBXNativeTarget;
			buildConfigurationList = 56593E391CB4B1D400BCB076 /* Build configuration list for PBXNativeTarget "Hestia" */;
			buildPhases = (
				56593E0D1CB4B1D300BCB076 /* Sources */,
				56593E0E1CB4B1D300BCB076 /* Frameworks */,
				56593E0F1CB4B1D300BCB076 /* Resources */,
			);
			buildRules = (
			);
			dependencies = (
			);
			name = Hestia;
			productName = Hestia;
			productReference = 56593E111CB4B1D400BCB076 /* Hestia.app */;
			productType = "com.apple.product-type.application";
		};
		56593E241CB4B1D400BCB076 /* HestiaTests */ = {
			isa = PBXNativeTarget;
			buildConfigurationList = 56593E3C1CB4B1D400BCB076 /* Build configuration list for PBXNativeTarget "HestiaTests" */;
			buildPhases = (
				56593E211CB4B1D400BCB076 /* Sources */,
				56593E221CB4B1D400BCB076 /* Frameworks */,
				56593E231CB4B1D400BCB076 /* Resources */,
			);
			buildRules = (
			);
			dependencies = (
				56593E271CB4B1D400BCB076 /* PBXTargetDependency */,
			);
			name = HestiaTests;
			productName = HestiaTests;
			productReference = 56593E251CB4B1D400BCB076 /* HestiaTests.xctest */;
			productType = "com.apple.product-type.bundle.unit-test";
		};
		56593E2F1CB4B1D400BCB076 /* HestiaUITests */ = {
			isa = PBXNativeTarget;
			buildConfigurationList = 56593E3F1CB4B1D400BCB076 /* Build configuration list for PBXNativeTarget "HestiaUITests" */;
			buildPhases = (
				56593E2C1CB4B1D400BCB076 /* Sources */,
				56593E2D1CB4B1D400BCB076 /* Frameworks */,
				56593E2E1CB4B1D400BCB076 /* Resources */,
			);
			buildRules = (
			);
			dependencies = (
				56593E321CB4B1D400BCB076 /* PBXTargetDependency */,
			);
			name = HestiaUITests;
			productName = HestiaUITests;
			productReference = 56593E301CB4B1D400BCB076 /* HestiaUITests.xctest */;
			productType = "com.apple.product-type.bundle.ui-testing";
		};
/* End PBXNativeTarget section */

/* Begin PBXProject section */
		56593E091CB4B1D300BCB076 /* Project object */ = {
			isa = PBXProject;
			attributes = {
				LastSwiftUpdateCheck = 0730;
				LastUpgradeCheck = 0730;
				ORGANIZATIONNAME = Hiro;
				TargetAttributes = {
					56593E101CB4B1D300BCB076 = {
						CreatedOnToolsVersion = 7.3;
						DevelopmentTeam = 52UN9P9E5H;
						SystemCapabilities = {
							com.apple.iCloud = {
								enabled = 1;
							};
						};
					};
					56593E241CB4B1D400BCB076 = {
						CreatedOnToolsVersion = 7.3;
						TestTargetID = 56593E101CB4B1D300BCB076;
					};
					56593E2F1CB4B1D400BCB076 = {
						CreatedOnToolsVersion = 7.3;
						TestTargetID = 56593E101CB4B1D300BCB076;
					};
				};
			};
			buildConfigurationList = 56593E0C1CB4B1D300BCB076 /* Build configuration list for PBXProject "Hestia" */;
			compatibilityVersion = "Xcode 3.2";
			developmentRegion = English;
			hasScannedForEncodings = 0;
			knownRegions = (
				en,
				Base,
			);
			mainGroup = 56593E081CB4B1D300BCB076;
			productRefGroup = 56593E121CB4B1D400BCB076 /* Products */;
			projectDirPath = "";
			projectRoot = "";
			targets = (
				56593E101CB4B1D300BCB076 /* Hestia */,
				56593E241CB4B1D400BCB076 /* HestiaTests */,
				56593E2F1CB4B1D400BCB076 /* HestiaUITests */,
			);
		};
/* End PBXProject section */

/* Begin PBXResourcesBuildPhase section */
		56593E0F1CB4B1D300BCB076 /* Resources */ = {
			isa = PBXResourcesBuildPhase;
			buildActionMask = 2147483647;
			files = (
				56593E1F1CB4B1D400BCB076 /* LaunchScreen.storyboard in Resources */,
				56593E1C1CB4B1D400BCB076 /* Assets.xcassets in Resources */,
				56593E1A1CB4B1D400BCB076 /* Main.storyboard in Resources */,
			);
			runOnlyForDeploymentPostprocessing = 0;
		};
		56593E231CB4B1D400BCB076 /* Resources */ = {
			isa = PBXResourcesBuildPhase;
			buildActionMask = 2147483647;
			files = (
			);
			runOnlyForDeploymentPostprocessing = 0;
		};
		56593E2E1CB4B1D400BCB076 /* Resources */ = {
			isa = PBXResourcesBuildPhase;
			buildActionMask = 2147483647;
			files = (
			);
			runOnlyForDeploymentPostprocessing = 0;
		};
/* End PBXResourcesBuildPhase section */

/* Begin PBXSourcesBuildPhase section */
		56593E0D1CB4B1D300BCB076 /* Sources */ = {
			isa = PBXSourcesBuildPhase;
			buildActionMask = 2147483647;
			files = (
				56593E4F1CB62A7000BCB076 /* PinterestSessionRequester.swift in Sources */,
				56593E9D1CC0B56A00BCB076 /* DataRequestManager.swift in Sources */,
				56C368701CC896F20082914F /* PantryObject.swift in Sources */,
				56C368741CC899C40082914F /* Recipe.swift in Sources */,
				56C3686E1CC890810082914F /* PantryRequestManager.swift in Sources */,
				56593E171CB4B1D400BCB076 /* ViewController.swift in Sources */,
				56593E151CB4B1D400BCB076 /* AppDelegate.swift in Sources */,
				56593E461CB4B89D00BCB076 /* SessionRequester.swift in Sources */,
				56593E4A1CB4DE5F00BCB076 /* PinterestLoginViewController.swift in Sources */,
				56C368721CC8982F0082914F /* Ingredient.swift in Sources */,
				56593E941CBE96B400BCB076 /* PantryTableViewController.swift in Sources */,
				56593E981CBE96D700BCB076 /* PantryItemDetailViewController.swift in Sources */,
			);
			runOnlyForDeploymentPostprocessing = 0;
		};
		56593E211CB4B1D400BCB076 /* Sources */ = {
			isa = PBXSourcesBuildPhase;
			buildActionMask = 2147483647;
			files = (
				56593E501CB62A7000BCB076 /* PinterestSessionRequester.swift in Sources */,
				56593E9E1CC0B56A00BCB076 /* DataRequestManager.swift in Sources */,
				56593E2A1CB4B1D400BCB076 /* HestiaTests.swift in Sources */,
				56593E4B1CB4DE5F00BCB076 /* PinterestLoginViewController.swift in Sources */,
				56593E471CB4B89D00BCB076 /* SessionRequester.swift in Sources */,
				56593E551CB775D200BCB076 /* PantryViewController.swift in Sources */,
				56593E951CBE96B400BCB076 /* PantryTableViewController.swift in Sources */,
				56593E991CBE96D700BCB076 /* PantryItemDetailViewController.swift in Sources */,
			);
			runOnlyForDeploymentPostprocessing = 0;
		};
		56593E2C1CB4B1D400BCB076 /* Sources */ = {
			isa = PBXSourcesBuildPhase;
			buildActionMask = 2147483647;
			files = (
				56593E511CB62A7000BCB076 /* PinterestSessionRequester.swift in Sources */,
				56593E9F1CC0B56A00BCB076 /* DataRequestManager.swift in Sources */,
				56593E351CB4B1D400BCB076 /* HestiaUITests.swift in Sources */,
				56593E4C1CB4DE5F00BCB076 /* PinterestLoginViewController.swift in Sources */,
				56593E481CB4B89D00BCB076 /* SessionRequester.swift in Sources */,
				56593E561CB775D200BCB076 /* PantryViewController.swift in Sources */,
				56593E961CBE96B400BCB076 /* PantryTableViewController.swift in Sources */,
				56593E9A1CBE96D700BCB076 /* PantryItemDetailViewController.swift in Sources */,
			);
			runOnlyForDeploymentPostprocessing = 0;
		};
/* End PBXSourcesBuildPhase section */

/* Begin PBXTargetDependency section */
		56593E271CB4B1D400BCB076 /* PBXTargetDependency */ = {
			isa = PBXTargetDependency;
			target = 56593E101CB4B1D300BCB076 /* Hestia */;
			targetProxy = 56593E261CB4B1D400BCB076 /* PBXContainerItemProxy */;
		};
		56593E321CB4B1D400BCB076 /* PBXTargetDependency */ = {
			isa = PBXTargetDependency;
			target = 56593E101CB4B1D300BCB076 /* Hestia */;
			targetProxy = 56593E311CB4B1D400BCB076 /* PBXContainerItemProxy */;
		};
/* End PBXTargetDependency section */

/* Begin PBXVariantGroup section */
		56593E181CB4B1D400BCB076 /* Main.storyboard */ = {
			isa = PBXVariantGroup;
			children = (
				56593E191CB4B1D400BCB076 /* Base */,
			);
			name = Main.storyboard;
			sourceTree = "<group>";
		};
		56593E1D1CB4B1D400BCB076 /* LaunchScreen.storyboard */ = {
			isa = PBXVariantGroup;
			children = (
				56593E1E1CB4B1D400BCB076 /* Base */,
			);
			name = LaunchScreen.storyboard;
			sourceTree = "<group>";
		};
/* End PBXVariantGroup section */

/* Begin XCBuildConfiguration section */
		56593E371CB4B1D400BCB076 /* Debug */ = {
			isa = XCBuildConfiguration;
			buildSettings = {
				ALWAYS_SEARCH_USER_PATHS = NO;
				CLANG_ANALYZER_NONNULL = YES;
				CLANG_CXX_LANGUAGE_STANDARD = "gnu++0x";
				CLANG_CXX_LIBRARY = "libc++";
				CLANG_ENABLE_MODULES = YES;
				CLANG_ENABLE_OBJC_ARC = YES;
				CLANG_WARN_BOOL_CONVERSION = YES;
				CLANG_WARN_CONSTANT_CONVERSION = YES;
				CLANG_WARN_DIRECT_OBJC_ISA_USAGE = YES_ERROR;
				CLANG_WARN_EMPTY_BODY = YES;
				CLANG_WARN_ENUM_CONVERSION = YES;
				CLANG_WARN_INT_CONVERSION = YES;
				CLANG_WARN_OBJC_ROOT_CLASS = YES_ERROR;
				CLANG_WARN_UNREACHABLE_CODE = YES;
				CLANG_WARN__DUPLICATE_METHOD_MATCH = YES;
				"CODE_SIGN_IDENTITY[sdk=iphoneos*]" = "iPhone Developer";
				COPY_PHASE_STRIP = NO;
				DEBUG_INFORMATION_FORMAT = dwarf;
				ENABLE_STRICT_OBJC_MSGSEND = YES;
				ENABLE_TESTABILITY = YES;
				GCC_C_LANGUAGE_STANDARD = gnu99;
				GCC_DYNAMIC_NO_PIC = NO;
				GCC_NO_COMMON_BLOCKS = YES;
				GCC_OPTIMIZATION_LEVEL = 0;
				GCC_PREPROCESSOR_DEFINITIONS = (
					"DEBUG=1",
					"$(inherited)",
				);
				GCC_WARN_64_TO_32_BIT_CONVERSION = YES;
				GCC_WARN_ABOUT_RETURN_TYPE = YES_ERROR;
				GCC_WARN_UNDECLARED_SELECTOR = YES;
				GCC_WARN_UNINITIALIZED_AUTOS = YES_AGGRESSIVE;
				GCC_WARN_UNUSED_FUNCTION = YES;
				GCC_WARN_UNUSED_VARIABLE = YES;
				IPHONEOS_DEPLOYMENT_TARGET = 9.3;
				MTL_ENABLE_DEBUG_INFO = YES;
				ONLY_ACTIVE_ARCH = YES;
				SDKROOT = iphoneos;
				SWIFT_OPTIMIZATION_LEVEL = "-Onone";
				TARGETED_DEVICE_FAMILY = "1,2";
			};
			name = Debug;
		};
		56593E381CB4B1D400BCB076 /* Release */ = {
			isa = XCBuildConfiguration;
			buildSettings = {
				ALWAYS_SEARCH_USER_PATHS = NO;
				CLANG_ANALYZER_NONNULL = YES;
				CLANG_CXX_LANGUAGE_STANDARD = "gnu++0x";
				CLANG_CXX_LIBRARY = "libc++";
				CLANG_ENABLE_MODULES = YES;
				CLANG_ENABLE_OBJC_ARC = YES;
				CLANG_WARN_BOOL_CONVERSION = YES;
				CLANG_WARN_CONSTANT_CONVERSION = YES;
				CLANG_WARN_DIRECT_OBJC_ISA_USAGE = YES_ERROR;
				CLANG_WARN_EMPTY_BODY = YES;
				CLANG_WARN_ENUM_CONVERSION = YES;
				CLANG_WARN_INT_CONVERSION = YES;
				CLANG_WARN_OBJC_ROOT_CLASS = YES_ERROR;
				CLANG_WARN_UNREACHABLE_CODE = YES;
				CLANG_WARN__DUPLICATE_METHOD_MATCH = YES;
				"CODE_SIGN_IDENTITY[sdk=iphoneos*]" = "iPhone Developer";
				COPY_PHASE_STRIP = NO;
				DEBUG_INFORMATION_FORMAT = "dwarf-with-dsym";
				ENABLE_NS_ASSERTIONS = NO;
				ENABLE_STRICT_OBJC_MSGSEND = YES;
				GCC_C_LANGUAGE_STANDARD = gnu99;
				GCC_NO_COMMON_BLOCKS = YES;
				GCC_WARN_64_TO_32_BIT_CONVERSION = YES;
				GCC_WARN_ABOUT_RETURN_TYPE = YES_ERROR;
				GCC_WARN_UNDECLARED_SELECTOR = YES;
				GCC_WARN_UNINITIALIZED_AUTOS = YES_AGGRESSIVE;
				GCC_WARN_UNUSED_FUNCTION = YES;
				GCC_WARN_UNUSED_VARIABLE = YES;
				IPHONEOS_DEPLOYMENT_TARGET = 9.3;
				MTL_ENABLE_DEBUG_INFO = NO;
				SDKROOT = iphoneos;
				TARGETED_DEVICE_FAMILY = "1,2";
				VALIDATE_PRODUCT = YES;
			};
			name = Release;
		};
		56593E3A1CB4B1D400BCB076 /* Debug */ = {
			isa = XCBuildConfiguration;
			buildSettings = {
				ASSETCATALOG_COMPILER_APPICON_NAME = AppIcon;
				CODE_SIGN_ENTITLEMENTS = Hestia/Hestia.entitlements;
				INFOPLIST_FILE = Hestia/Info.plist;
				IPHONEOS_DEPLOYMENT_TARGET = 9.0;
				LD_RUNPATH_SEARCH_PATHS = "$(inherited) @executable_path/Frameworks";
				PRODUCT_BUNDLE_IDENTIFIER = com.hiro.Hestia;
				PRODUCT_NAME = "$(TARGET_NAME)";
			};
			name = Debug;
		};
		56593E3B1CB4B1D400BCB076 /* Release */ = {
			isa = XCBuildConfiguration;
			buildSettings = {
				ASSETCATALOG_COMPILER_APPICON_NAME = AppIcon;
				CODE_SIGN_ENTITLEMENTS = Hestia/Hestia.entitlements;
				INFOPLIST_FILE = Hestia/Info.plist;
				IPHONEOS_DEPLOYMENT_TARGET = 9.0;
				LD_RUNPATH_SEARCH_PATHS = "$(inherited) @executable_path/Frameworks";
				PRODUCT_BUNDLE_IDENTIFIER = com.hiro.Hestia;
				PRODUCT_NAME = "$(TARGET_NAME)";
			};
			name = Release;
		};
		56593E3D1CB4B1D400BCB076 /* Debug */ = {
			isa = XCBuildConfiguration;
			buildSettings = {
				BUNDLE_LOADER = "$(TEST_HOST)";
				INFOPLIST_FILE = HestiaTests/Info.plist;
				LD_RUNPATH_SEARCH_PATHS = "$(inherited) @executable_path/Frameworks @loader_path/Frameworks";
				PRODUCT_BUNDLE_IDENTIFIER = com.hiro.HestiaTests;
				PRODUCT_NAME = "$(TARGET_NAME)";
				TEST_HOST = "$(BUILT_PRODUCTS_DIR)/Hestia.app/Hestia";
			};
			name = Debug;
		};
		56593E3E1CB4B1D400BCB076 /* Release */ = {
			isa = XCBuildConfiguration;
			buildSettings = {
				BUNDLE_LOADER = "$(TEST_HOST)";
				INFOPLIST_FILE = HestiaTests/Info.plist;
				LD_RUNPATH_SEARCH_PATHS = "$(inherited) @executable_path/Frameworks @loader_path/Frameworks";
				PRODUCT_BUNDLE_IDENTIFIER = com.hiro.HestiaTests;
				PRODUCT_NAME = "$(TARGET_NAME)";
				TEST_HOST = "$(BUILT_PRODUCTS_DIR)/Hestia.app/Hestia";
			};
			name = Release;
		};
		56593E401CB4B1D400BCB076 /* Debug */ = {
			isa = XCBuildConfiguration;
			buildSettings = {
				INFOPLIST_FILE = HestiaUITests/Info.plist;
				LD_RUNPATH_SEARCH_PATHS = "$(inherited) @executable_path/Frameworks @loader_path/Frameworks";
				PRODUCT_BUNDLE_IDENTIFIER = com.hiro.HestiaUITests;
				PRODUCT_NAME = "$(TARGET_NAME)";
				TEST_TARGET_NAME = Hestia;
			};
			name = Debug;
		};
		56593E411CB4B1D400BCB076 /* Release */ = {
			isa = XCBuildConfiguration;
			buildSettings = {
				INFOPLIST_FILE = HestiaUITests/Info.plist;
				LD_RUNPATH_SEARCH_PATHS = "$(inherited) @executable_path/Frameworks @loader_path/Frameworks";
				PRODUCT_BUNDLE_IDENTIFIER = com.hiro.HestiaUITests;
				PRODUCT_NAME = "$(TARGET_NAME)";
				TEST_TARGET_NAME = Hestia;
			};
			name = Release;
		};
/* End XCBuildConfiguration section */

/* Begin XCConfigurationList section */
		56593E0C1CB4B1D300BCB076 /* Build configuration list for PBXProject "Hestia" */ = {
			isa = XCConfigurationList;
			buildConfigurations = (
				56593E371CB4B1D400BCB076 /* Debug */,
				56593E381CB4B1D400BCB076 /* Release */,
			);
			defaultConfigurationIsVisible = 0;
			defaultConfigurationName = Release;
		};
		56593E391CB4B1D400BCB076 /* Build configuration list for PBXNativeTarget "Hestia" */ = {
			isa = XCConfigurationList;
			buildConfigurations = (
				56593E3A1CB4B1D400BCB076 /* Debug */,
				56593E3B1CB4B1D400BCB076 /* Release */,
			);
			defaultConfigurationIsVisible = 0;
			defaultConfigurationName = Release;
		};
		56593E3C1CB4B1D400BCB076 /* Build configuration list for PBXNativeTarget "HestiaTests" */ = {
			isa = XCConfigurationList;
			buildConfigurations = (
				56593E3D1CB4B1D400BCB076 /* Debug */,
				56593E3E1CB4B1D400BCB076 /* Release */,
			);
			defaultConfigurationIsVisible = 0;
			defaultConfigurationName = Release;
		};
		56593E3F1CB4B1D400BCB076 /* Build configuration list for PBXNativeTarget "HestiaUITests" */ = {
			isa = XCConfigurationList;
			buildConfigurations = (
				56593E401CB4B1D400BCB076 /* Debug */,
				56593E411CB4B1D400BCB076 /* Release */,
			);
			defaultConfigurationIsVisible = 0;
			defaultConfigurationName = Release;
		};
/* End XCConfigurationList section */
	};
	rootObject = 56593E091CB4B1D300BCB076 /* Project object */;
}
